// !$*UTF8*$!
{
	archiveVersion = 1;
	classes = {
	};
	objectVersion = 56;
	objects = {

/* Begin PBXBuildFile section */
		3F2F51942BD0DC0D00E1E882 /* LandmarksApp.swift in Sources */ = {isa = PBXBuildFile; fileRef = 3F2F51932BD0DC0D00E1E882 /* LandmarksApp.swift */; };
		3F2F51962BD0DC0D00E1E882 /* ContentView.swift in Sources */ = {isa = PBXBuildFile; fileRef = 3F2F51952BD0DC0D00E1E882 /* ContentView.swift */; };
		3F2F51982BD0DC0E00E1E882 /* Assets.xcassets in Resources */ = {isa = PBXBuildFile; fileRef = 3F2F51972BD0DC0E00E1E882 /* Assets.xcassets */; };
		3F2F519B2BD0DC0E00E1E882 /* Preview Assets.xcassets in Resources */ = {isa = PBXBuildFile; fileRef = 3F2F519A2BD0DC0E00E1E882 /* Preview Assets.xcassets */; };
		3F2F51A52BD0DC0E00E1E882 /* LandmarksTests.swift in Sources */ = {isa = PBXBuildFile; fileRef = 3F2F51A42BD0DC0E00E1E882 /* LandmarksTests.swift */; };
		3F2F51AF2BD0DC0E00E1E882 /* LandmarksUITests.swift in Sources */ = {isa = PBXBuildFile; fileRef = 3F2F51AE2BD0DC0E00E1E882 /* LandmarksUITests.swift */; };
		3F2F51B12BD0DC0E00E1E882 /* LandmarksUITestsLaunchTests.swift in Sources */ = {isa = PBXBuildFile; fileRef = 3F2F51B02BD0DC0E00E1E882 /* LandmarksUITestsLaunchTests.swift */; };
		3F2F51BE2BD0E48A00E1E882 /* CircleImage.swift in Sources */ = {isa = PBXBuildFile; fileRef = 3F2F51BD2BD0E48A00E1E882 /* CircleImage.swift */; };
		3F2F51C02BD0E50100E1E882 /* MapView.swift in Sources */ = {isa = PBXBuildFile; fileRef = 3F2F51BF2BD0E50100E1E882 /* MapView.swift */; };
		3F2F51C22BD0E8E700E1E882 /* landmarkData.json in Resources */ = {isa = PBXBuildFile; fileRef = 3F2F51C12BD0E8E700E1E882 /* landmarkData.json */; };
		3F2F51C42BD0E93F00E1E882 /* Landmark.swift in Sources */ = {isa = PBXBuildFile; fileRef = 3F2F51C32BD0E93F00E1E882 /* Landmark.swift */; };
		3F2F51C62BD0EA4700E1E882 /* ModelData.swift in Sources */ = {isa = PBXBuildFile; fileRef = 3F2F51C52BD0EA4700E1E882 /* ModelData.swift */; };
		3F2F51CB2BD0EB9000E1E882 /* LandmarkRow.swift in Sources */ = {isa = PBXBuildFile; fileRef = 3F2F51CA2BD0EB9000E1E882 /* LandmarkRow.swift */; };
		3F2F51CD2BD0ECEA00E1E882 /* LandmarkList.swift in Sources */ = {isa = PBXBuildFile; fileRef = 3F2F51CC2BD0ECEA00E1E882 /* LandmarkList.swift */; };
		3F2F51CF2BD0EDD300E1E882 /* LandmarkDetail.swift in Sources */ = {isa = PBXBuildFile; fileRef = 3F2F51CE2BD0EDD300E1E882 /* LandmarkDetail.swift */; };
		3F935AC32BD1FB89007E0A20 /* FavoriteButton.swift in Sources */ = {isa = PBXBuildFile; fileRef = 3F935AC22BD1FB89007E0A20 /* FavoriteButton.swift */; };
		3F935AC82BD1FF3E007E0A20 /* HexagonParameters.swift in Sources */ = {isa = PBXBuildFile; fileRef = 3F935AC72BD1FF3E007E0A20 /* HexagonParameters.swift */; };
		3F935ACA2BD1FFA0007E0A20 /* BadgeBackground.swift in Sources */ = {isa = PBXBuildFile; fileRef = 3F935AC92BD1FFA0007E0A20 /* BadgeBackground.swift */; };
		3F935ACC2BD201BC007E0A20 /* BadgeSymbol.swift in Sources */ = {isa = PBXBuildFile; fileRef = 3F935ACB2BD201BC007E0A20 /* BadgeSymbol.swift */; };
		3F935ACE2BD201F6007E0A20 /* RotatedBadge.swift in Sources */ = {isa = PBXBuildFile; fileRef = 3F935ACD2BD201F6007E0A20 /* RotatedBadge.swift */; };
		3F935AD02BD20277007E0A20 /* Badge.swift in Sources */ = {isa = PBXBuildFile; fileRef = 3F935ACF2BD20277007E0A20 /* Badge.swift */; };
		3F935AD32BD2039B007E0A20 /* hikeData.json in Resources */ = {isa = PBXBuildFile; fileRef = 3F935AD22BD2039B007E0A20 /* hikeData.json */; };
		3F935AD52BD20438007E0A20 /* Hike.swift in Sources */ = {isa = PBXBuildFile; fileRef = 3F935AD42BD20438007E0A20 /* Hike.swift */; };
		3F935ADB2BD204BB007E0A20 /* GraphCapsule.swift in Sources */ = {isa = PBXBuildFile; fileRef = 3F935AD72BD204BB007E0A20 /* GraphCapsule.swift */; };
		3F935ADC2BD204BB007E0A20 /* HikeGraph.swift in Sources */ = {isa = PBXBuildFile; fileRef = 3F935AD82BD204BB007E0A20 /* HikeGraph.swift */; };
		3F935ADD2BD204BB007E0A20 /* HikeDetail.swift in Sources */ = {isa = PBXBuildFile; fileRef = 3F935AD92BD204BB007E0A20 /* HikeDetail.swift */; };
		3F935ADE2BD204BB007E0A20 /* HikeView.swift in Sources */ = {isa = PBXBuildFile; fileRef = 3F935ADA2BD204BB007E0A20 /* HikeView.swift */; };
		3F935AE12BD20E25007E0A20 /* CategoryHome.swift in Sources */ = {isa = PBXBuildFile; fileRef = 3F935AE02BD20E25007E0A20 /* CategoryHome.swift */; };
		3F935AE32BD20F30007E0A20 /* CategoryRow.swift in Sources */ = {isa = PBXBuildFile; fileRef = 3F935AE22BD20F30007E0A20 /* CategoryRow.swift */; };
		3F935AE52BD20FBD007E0A20 /* CategoryItem.swift in Sources */ = {isa = PBXBuildFile; fileRef = 3F935AE42BD20FBD007E0A20 /* CategoryItem.swift */; };
		3F935AE92BD212AA007E0A20 /* Profile.swift in Sources */ = {isa = PBXBuildFile; fileRef = 3F935AE82BD212AA007E0A20 /* Profile.swift */; };
		3F935AEC2BD2136C007E0A20 /* ProfileHost.swift in Sources */ = {isa = PBXBuildFile; fileRef = 3F935AEB2BD2136C007E0A20 /* ProfileHost.swift */; };
		3F935AEE2BD213CD007E0A20 /* ProfileSummary.swift in Sources */ = {isa = PBXBuildFile; fileRef = 3F935AED2BD213CD007E0A20 /* ProfileSummary.swift */; };
		3F935AF02BD21448007E0A20 /* HikeBadge.swift in Sources */ = {isa = PBXBuildFile; fileRef = 3F935AEF2BD21448007E0A20 /* HikeBadge.swift */; };
		3F935AF22BD2162A007E0A20 /* ProfileEditor.swift in Sources */ = {isa = PBXBuildFile; fileRef = 3F935AF12BD2162A007E0A20 /* ProfileEditor.swift */; };
		3F935AF42BD218D9007E0A20 /* PageViewController.swift in Sources */ = {isa = PBXBuildFile; fileRef = 3F935AF32BD218D9007E0A20 /* PageViewController.swift */; };
		3F935AF62BD21999007E0A20 /* FeatureCard.swift in Sources */ = {isa = PBXBuildFile; fileRef = 3F935AF52BD21999007E0A20 /* FeatureCard.swift */; };
		3F935AF82BD219CC007E0A20 /* PageView.swift in Sources */ = {isa = PBXBuildFile; fileRef = 3F935AF72BD219CC007E0A20 /* PageView.swift */; };
		3F935AFA2BD21CE5007E0A20 /* PageControl.swift in Sources */ = {isa = PBXBuildFile; fileRef = 3F935AF92BD21CE5007E0A20 /* PageControl.swift */; };
		3F935B032BD21F47007E0A20 /* WatchLandmarks Watch App.app in Embed Watch Content */ = {isa = PBXBuildFile; fileRef = 3F935B022BD21F47007E0A20 /* WatchLandmarks Watch App.app */; settings = {ATTRIBUTES = (RemoveHeadersOnCopy, ); }; };
		3F935B0A2BD21F47007E0A20 /* ContentView.swift in Sources */ = {isa = PBXBuildFile; fileRef = 3F935B092BD21F47007E0A20 /* ContentView.swift */; };
		3F935B0C2BD21F48007E0A20 /* Assets.xcassets in Resources */ = {isa = PBXBuildFile; fileRef = 3F935B0B2BD21F48007E0A20 /* Assets.xcassets */; };
		3F935B0F2BD21F48007E0A20 /* Preview Assets.xcassets in Resources */ = {isa = PBXBuildFile; fileRef = 3F935B0E2BD21F48007E0A20 /* Preview Assets.xcassets */; };
		3FAD88602BDA1107005DF9EC /* Profile.swift in Sources */ = {isa = PBXBuildFile; fileRef = 3F935AE82BD212AA007E0A20 /* Profile.swift */; };
		3FAD88612BDA1107005DF9EC /* Landmark.swift in Sources */ = {isa = PBXBuildFile; fileRef = 3F2F51C32BD0E93F00E1E882 /* Landmark.swift */; };
		3FAD88632BDA1107005DF9EC /* LandmarkRow.swift in Sources */ = {isa = PBXBuildFile; fileRef = 3F2F51CA2BD0EB9000E1E882 /* LandmarkRow.swift */; };
		3FAD88642BDA1107005DF9EC /* Hike.swift in Sources */ = {isa = PBXBuildFile; fileRef = 3F935AD42BD20438007E0A20 /* Hike.swift */; };
		3FAD88652BDA1107005DF9EC /* LandmarkList.swift in Sources */ = {isa = PBXBuildFile; fileRef = 3F2F51CC2BD0ECEA00E1E882 /* LandmarkList.swift */; };
		3FAD88662BDA1107005DF9EC /* CircleImage.swift in Sources */ = {isa = PBXBuildFile; fileRef = 3F2F51BD2BD0E48A00E1E882 /* CircleImage.swift */; };
		3FAD88672BDA1107005DF9EC /* MapView.swift in Sources */ = {isa = PBXBuildFile; fileRef = 3F2F51BF2BD0E50100E1E882 /* MapView.swift */; };
		3FAD886A2BDA1107005DF9EC /* LandmarksApp.swift in Sources */ = {isa = PBXBuildFile; fileRef = 3F2F51932BD0DC0D00E1E882 /* LandmarksApp.swift */; };
		3FAD886B2BDA1107005DF9EC /* Assets.xcassets in Resources */ = {isa = PBXBuildFile; fileRef = 3F2F51972BD0DC0E00E1E882 /* Assets.xcassets */; };
		3FAD88702BDA1736005DF9EC /* LandmarkDetail.swift in Sources */ = {isa = PBXBuildFile; fileRef = 3FAD886F2BDA1736005DF9EC /* LandmarkDetail.swift */; };
		3FAD88742BDA1928005DF9EC /* NotificationView.swift in Sources */ = {isa = PBXBuildFile; fileRef = 3FAD88732BDA1928005DF9EC /* NotificationView.swift */; };
		3FAD88752BDA19A9005DF9EC /* landmarkData.json in Resources */ = {isa = PBXBuildFile; fileRef = 3F2F51C12BD0E8E700E1E882 /* landmarkData.json */; };
		3FAD88762BDA19A9005DF9EC /* ModelData.swift in Sources */ = {isa = PBXBuildFile; fileRef = 3F2F51C52BD0EA4700E1E882 /* ModelData.swift */; };
		3FAD88772BDA19A9005DF9EC /* hikeData.json in Resources */ = {isa = PBXBuildFile; fileRef = 3F935AD22BD2039B007E0A20 /* hikeData.json */; };
		3FAD88792BDA1A98005DF9EC /* NotificationController.swift in Sources */ = {isa = PBXBuildFile; fileRef = 3FAD88782BDA1A98005DF9EC /* NotificationController.swift */; };
		3FAD88842BDA2952005DF9EC /* ContentView.swift in Sources */ = {isa = PBXBuildFile; fileRef = 3FAD88832BDA2952005DF9EC /* ContentView.swift */; };
		3FAD88862BDA2953005DF9EC /* Assets.xcassets in Resources */ = {isa = PBXBuildFile; fileRef = 3FAD88852BDA2953005DF9EC /* Assets.xcassets */; };
		3FAD88892BDA2953005DF9EC /* Preview Assets.xcassets in Resources */ = {isa = PBXBuildFile; fileRef = 3FAD88882BDA2953005DF9EC /* Preview Assets.xcassets */; };
		3FAD888E2BDA2A6E005DF9EC /* ModelData.swift in Sources */ = {isa = PBXBuildFile; fileRef = 3F2F51C52BD0EA4700E1E882 /* ModelData.swift */; };
		3FAD888F2BDA2A6E005DF9EC /* FavoriteButton.swift in Sources */ = {isa = PBXBuildFile; fileRef = 3F935AC22BD1FB89007E0A20 /* FavoriteButton.swift */; };
		3FAD88902BDA2A6E005DF9EC /* Assets.xcassets in Resources */ = {isa = PBXBuildFile; fileRef = 3F2F51972BD0DC0E00E1E882 /* Assets.xcassets */; };
		3FAD88912BDA2A6E005DF9EC /* LandmarksApp.swift in Sources */ = {isa = PBXBuildFile; fileRef = 3F2F51932BD0DC0D00E1E882 /* LandmarksApp.swift */; };
		3FAD88922BDA2A6E005DF9EC /* hikeData.json in Resources */ = {isa = PBXBuildFile; fileRef = 3F935AD22BD2039B007E0A20 /* hikeData.json */; };
		3FAD88932BDA2A6E005DF9EC /* Landmark.swift in Sources */ = {isa = PBXBuildFile; fileRef = 3F2F51C32BD0E93F00E1E882 /* Landmark.swift */; };
		3FAD88942BDA2A6E005DF9EC /* Hike.swift in Sources */ = {isa = PBXBuildFile; fileRef = 3F935AD42BD20438007E0A20 /* Hike.swift */; };
		3FAD88952BDA2A6E005DF9EC /* LandmarkRow.swift in Sources */ = {isa = PBXBuildFile; fileRef = 3F2F51CA2BD0EB9000E1E882 /* LandmarkRow.swift */; };
		3FAD88962BDA2A6E005DF9EC /* Profile.swift in Sources */ = {isa = PBXBuildFile; fileRef = 3F935AE82BD212AA007E0A20 /* Profile.swift */; };
		3FAD88972BDA2A6E005DF9EC /* CircleImage.swift in Sources */ = {isa = PBXBuildFile; fileRef = 3F2F51BD2BD0E48A00E1E882 /* CircleImage.swift */; };
		3FAD88982BDA2A6E005DF9EC /* LandmarkList.swift in Sources */ = {isa = PBXBuildFile; fileRef = 3F2F51CC2BD0ECEA00E1E882 /* LandmarkList.swift */; };
		3FAD88992BDA2A6E005DF9EC /* MapView.swift in Sources */ = {isa = PBXBuildFile; fileRef = 3F2F51BF2BD0E50100E1E882 /* MapView.swift */; };
		3FAD889A2BDA2A6E005DF9EC /* landmarkData.json in Resources */ = {isa = PBXBuildFile; fileRef = 3F2F51C12BD0E8E700E1E882 /* landmarkData.json */; };
		3FAD889C2BDA2B5E005DF9EC /* LandmarkDetail.swift in Sources */ = {isa = PBXBuildFile; fileRef = 3FAD889B2BDA2B5E005DF9EC /* LandmarkDetail.swift */; };
		3FAD889E2BDA2EF9005DF9EC /* LandmarkCommands.swift in Sources */ = {isa = PBXBuildFile; fileRef = 3FAD889D2BDA2EF9005DF9EC /* LandmarkCommands.swift */; };
		3FAD889F2BDA2EF9005DF9EC /* LandmarkCommands.swift in Sources */ = {isa = PBXBuildFile; fileRef = 3FAD889D2BDA2EF9005DF9EC /* LandmarkCommands.swift */; };
		3FAD88A12BDA32E0005DF9EC /* LandmarkSettings.swift in Sources */ = {isa = PBXBuildFile; fileRef = 3FAD88A02BDA32E0005DF9EC /* LandmarkSettings.swift */; };
/* End PBXBuildFile section */

/* Begin PBXContainerItemProxy section */
		3F2F51A12BD0DC0E00E1E882 /* PBXContainerItemProxy */ = {
			isa = PBXContainerItemProxy;
			containerPortal = 3F2F51882BD0DC0D00E1E882 /* Project object */;
			proxyType = 1;
			remoteGlobalIDString = 3F2F518F2BD0DC0D00E1E882;
			remoteInfo = Landmarks;
		};
		3F2F51AB2BD0DC0E00E1E882 /* PBXContainerItemProxy */ = {
			isa = PBXContainerItemProxy;
			containerPortal = 3F2F51882BD0DC0D00E1E882 /* Project object */;
			proxyType = 1;
			remoteGlobalIDString = 3F2F518F2BD0DC0D00E1E882;
			remoteInfo = Landmarks;
		};
		3F935B042BD21F47007E0A20 /* PBXContainerItemProxy */ = {
			isa = PBXContainerItemProxy;
			containerPortal = 3F2F51882BD0DC0D00E1E882 /* Project object */;
			proxyType = 1;
			remoteGlobalIDString = 3F935B012BD21F47007E0A20;
			remoteInfo = "WatchLandmarks Watch App";
		};
		3F935B152BD21F49007E0A20 /* PBXContainerItemProxy */ = {
			isa = PBXContainerItemProxy;
			containerPortal = 3F2F51882BD0DC0D00E1E882 /* Project object */;
			proxyType = 1;
			remoteGlobalIDString = 3F935B012BD21F47007E0A20;
			remoteInfo = "WatchLandmarks Watch App";
		};
		3F935B1F2BD21F49007E0A20 /* PBXContainerItemProxy */ = {
			isa = PBXContainerItemProxy;
			containerPortal = 3F2F51882BD0DC0D00E1E882 /* Project object */;
			proxyType = 1;
			remoteGlobalIDString = 3F935B012BD21F47007E0A20;
			remoteInfo = "WatchLandmarks Watch App";
		};
/* End PBXContainerItemProxy section */

/* Begin PBXCopyFilesBuildPhase section */
		3F935B292BD21F49007E0A20 /* Embed Watch Content */ = {
			isa = PBXCopyFilesBuildPhase;
			buildActionMask = 2147483647;
			dstPath = "$(CONTENTS_FOLDER_PATH)/Watch";
			dstSubfolderSpec = 16;
			files = (
				3F935B032BD21F47007E0A20 /* WatchLandmarks Watch App.app in Embed Watch Content */,
			);
			name = "Embed Watch Content";
			runOnlyForDeploymentPostprocessing = 0;
		};
/* End PBXCopyFilesBuildPhase section */

/* Begin PBXFileReference section */
		3F2F51902BD0DC0D00E1E882 /* Landmarks.app */ = {isa = PBXFileReference; explicitFileType = wrapper.application; includeInIndex = 0; path = Landmarks.app; sourceTree = BUILT_PRODUCTS_DIR; };
		3F2F51932BD0DC0D00E1E882 /* LandmarksApp.swift */ = {isa = PBXFileReference; lastKnownFileType = sourcecode.swift; path = LandmarksApp.swift; sourceTree = "<group>"; };
		3F2F51952BD0DC0D00E1E882 /* ContentView.swift */ = {isa = PBXFileReference; lastKnownFileType = sourcecode.swift; path = ContentView.swift; sourceTree = "<group>"; };
		3F2F51972BD0DC0E00E1E882 /* Assets.xcassets */ = {isa = PBXFileReference; lastKnownFileType = folder.assetcatalog; path = Assets.xcassets; sourceTree = "<group>"; };
		3F2F519A2BD0DC0E00E1E882 /* Preview Assets.xcassets */ = {isa = PBXFileReference; lastKnownFileType = folder.assetcatalog; path = "Preview Assets.xcassets"; sourceTree = "<group>"; };
		3F2F51A02BD0DC0E00E1E882 /* LandmarksTests.xctest */ = {isa = PBXFileReference; explicitFileType = wrapper.cfbundle; includeInIndex = 0; path = LandmarksTests.xctest; sourceTree = BUILT_PRODUCTS_DIR; };
		3F2F51A42BD0DC0E00E1E882 /* LandmarksTests.swift */ = {isa = PBXFileReference; lastKnownFileType = sourcecode.swift; path = LandmarksTests.swift; sourceTree = "<group>"; };
		3F2F51AA2BD0DC0E00E1E882 /* LandmarksUITests.xctest */ = {isa = PBXFileReference; explicitFileType = wrapper.cfbundle; includeInIndex = 0; path = LandmarksUITests.xctest; sourceTree = BUILT_PRODUCTS_DIR; };
		3F2F51AE2BD0DC0E00E1E882 /* LandmarksUITests.swift */ = {isa = PBXFileReference; lastKnownFileType = sourcecode.swift; path = LandmarksUITests.swift; sourceTree = "<group>"; };
		3F2F51B02BD0DC0E00E1E882 /* LandmarksUITestsLaunchTests.swift */ = {isa = PBXFileReference; lastKnownFileType = sourcecode.swift; path = LandmarksUITestsLaunchTests.swift; sourceTree = "<group>"; };
		3F2F51BD2BD0E48A00E1E882 /* CircleImage.swift */ = {isa = PBXFileReference; lastKnownFileType = sourcecode.swift; path = CircleImage.swift; sourceTree = "<group>"; };
		3F2F51BF2BD0E50100E1E882 /* MapView.swift */ = {isa = PBXFileReference; lastKnownFileType = sourcecode.swift; path = MapView.swift; sourceTree = "<group>"; };
		3F2F51C12BD0E8E700E1E882 /* landmarkData.json */ = {isa = PBXFileReference; fileEncoding = 4; lastKnownFileType = text.json; path = landmarkData.json; sourceTree = "<group>"; };
		3F2F51C32BD0E93F00E1E882 /* Landmark.swift */ = {isa = PBXFileReference; lastKnownFileType = sourcecode.swift; path = Landmark.swift; sourceTree = "<group>"; };
		3F2F51C52BD0EA4700E1E882 /* ModelData.swift */ = {isa = PBXFileReference; lastKnownFileType = sourcecode.swift; path = ModelData.swift; sourceTree = "<group>"; };
		3F2F51CA2BD0EB9000E1E882 /* LandmarkRow.swift */ = {isa = PBXFileReference; lastKnownFileType = sourcecode.swift; path = LandmarkRow.swift; sourceTree = "<group>"; };
		3F2F51CC2BD0ECEA00E1E882 /* LandmarkList.swift */ = {isa = PBXFileReference; lastKnownFileType = sourcecode.swift; path = LandmarkList.swift; sourceTree = "<group>"; };
		3F2F51CE2BD0EDD300E1E882 /* LandmarkDetail.swift */ = {isa = PBXFileReference; lastKnownFileType = sourcecode.swift; path = LandmarkDetail.swift; sourceTree = "<group>"; };
		3F935AC22BD1FB89007E0A20 /* FavoriteButton.swift */ = {isa = PBXFileReference; lastKnownFileType = sourcecode.swift; path = FavoriteButton.swift; sourceTree = "<group>"; };
		3F935AC72BD1FF3E007E0A20 /* HexagonParameters.swift */ = {isa = PBXFileReference; lastKnownFileType = sourcecode.swift; path = HexagonParameters.swift; sourceTree = "<group>"; };
		3F935AC92BD1FFA0007E0A20 /* BadgeBackground.swift */ = {isa = PBXFileReference; lastKnownFileType = sourcecode.swift; path = BadgeBackground.swift; sourceTree = "<group>"; };
		3F935ACB2BD201BC007E0A20 /* BadgeSymbol.swift */ = {isa = PBXFileReference; lastKnownFileType = sourcecode.swift; path = BadgeSymbol.swift; sourceTree = "<group>"; };
		3F935ACD2BD201F6007E0A20 /* RotatedBadge.swift */ = {isa = PBXFileReference; lastKnownFileType = sourcecode.swift; path = RotatedBadge.swift; sourceTree = "<group>"; };
		3F935ACF2BD20277007E0A20 /* Badge.swift */ = {isa = PBXFileReference; lastKnownFileType = sourcecode.swift; path = Badge.swift; sourceTree = "<group>"; };
		3F935AD22BD2039B007E0A20 /* hikeData.json */ = {isa = PBXFileReference; fileEncoding = 4; lastKnownFileType = text.json; path = hikeData.json; sourceTree = "<group>"; };
		3F935AD42BD20438007E0A20 /* Hike.swift */ = {isa = PBXFileReference; lastKnownFileType = sourcecode.swift; path = Hike.swift; sourceTree = "<group>"; };
		3F935AD72BD204BB007E0A20 /* GraphCapsule.swift */ = {isa = PBXFileReference; fileEncoding = 4; lastKnownFileType = sourcecode.swift; path = GraphCapsule.swift; sourceTree = "<group>"; };
		3F935AD82BD204BB007E0A20 /* HikeGraph.swift */ = {isa = PBXFileReference; fileEncoding = 4; lastKnownFileType = sourcecode.swift; path = HikeGraph.swift; sourceTree = "<group>"; };
		3F935AD92BD204BB007E0A20 /* HikeDetail.swift */ = {isa = PBXFileReference; fileEncoding = 4; lastKnownFileType = sourcecode.swift; path = HikeDetail.swift; sourceTree = "<group>"; };
		3F935ADA2BD204BB007E0A20 /* HikeView.swift */ = {isa = PBXFileReference; fileEncoding = 4; lastKnownFileType = sourcecode.swift; path = HikeView.swift; sourceTree = "<group>"; };
		3F935AE02BD20E25007E0A20 /* CategoryHome.swift */ = {isa = PBXFileReference; lastKnownFileType = sourcecode.swift; path = CategoryHome.swift; sourceTree = "<group>"; };
		3F935AE22BD20F30007E0A20 /* CategoryRow.swift */ = {isa = PBXFileReference; lastKnownFileType = sourcecode.swift; path = CategoryRow.swift; sourceTree = "<group>"; };
		3F935AE42BD20FBD007E0A20 /* CategoryItem.swift */ = {isa = PBXFileReference; lastKnownFileType = sourcecode.swift; path = CategoryItem.swift; sourceTree = "<group>"; };
		3F935AE82BD212AA007E0A20 /* Profile.swift */ = {isa = PBXFileReference; lastKnownFileType = sourcecode.swift; path = Profile.swift; sourceTree = "<group>"; };
		3F935AEB2BD2136C007E0A20 /* ProfileHost.swift */ = {isa = PBXFileReference; lastKnownFileType = sourcecode.swift; path = ProfileHost.swift; sourceTree = "<group>"; };
		3F935AED2BD213CD007E0A20 /* ProfileSummary.swift */ = {isa = PBXFileReference; lastKnownFileType = sourcecode.swift; path = ProfileSummary.swift; sourceTree = "<group>"; };
		3F935AEF2BD21448007E0A20 /* HikeBadge.swift */ = {isa = PBXFileReference; lastKnownFileType = sourcecode.swift; path = HikeBadge.swift; sourceTree = "<group>"; };
		3F935AF12BD2162A007E0A20 /* ProfileEditor.swift */ = {isa = PBXFileReference; lastKnownFileType = sourcecode.swift; path = ProfileEditor.swift; sourceTree = "<group>"; };
		3F935AF32BD218D9007E0A20 /* PageViewController.swift */ = {isa = PBXFileReference; lastKnownFileType = sourcecode.swift; path = PageViewController.swift; sourceTree = "<group>"; };
		3F935AF52BD21999007E0A20 /* FeatureCard.swift */ = {isa = PBXFileReference; lastKnownFileType = sourcecode.swift; path = FeatureCard.swift; sourceTree = "<group>"; };
		3F935AF72BD219CC007E0A20 /* PageView.swift */ = {isa = PBXFileReference; lastKnownFileType = sourcecode.swift; path = PageView.swift; sourceTree = "<group>"; };
		3F935AF92BD21CE5007E0A20 /* PageControl.swift */ = {isa = PBXFileReference; lastKnownFileType = sourcecode.swift; path = PageControl.swift; sourceTree = "<group>"; };
		3F935AFD2BD21F47007E0A20 /* WatchLandmarks.app */ = {isa = PBXFileReference; explicitFileType = wrapper.application; includeInIndex = 0; path = WatchLandmarks.app; sourceTree = BUILT_PRODUCTS_DIR; };
		3F935B022BD21F47007E0A20 /* WatchLandmarks Watch App.app */ = {isa = PBXFileReference; explicitFileType = wrapper.application; includeInIndex = 0; path = "WatchLandmarks Watch App.app"; sourceTree = BUILT_PRODUCTS_DIR; };
		3F935B092BD21F47007E0A20 /* ContentView.swift */ = {isa = PBXFileReference; lastKnownFileType = sourcecode.swift; path = ContentView.swift; sourceTree = "<group>"; };
		3F935B0B2BD21F48007E0A20 /* Assets.xcassets */ = {isa = PBXFileReference; lastKnownFileType = folder.assetcatalog; path = Assets.xcassets; sourceTree = "<group>"; };
		3F935B0E2BD21F48007E0A20 /* Preview Assets.xcassets */ = {isa = PBXFileReference; lastKnownFileType = folder.assetcatalog; path = "Preview Assets.xcassets"; sourceTree = "<group>"; };
		3F935B142BD21F49007E0A20 /* WatchLandmarks Watch AppTests.xctest */ = {isa = PBXFileReference; explicitFileType = wrapper.cfbundle; includeInIndex = 0; path = "WatchLandmarks Watch AppTests.xctest"; sourceTree = BUILT_PRODUCTS_DIR; };
		3F935B1E2BD21F49007E0A20 /* WatchLandmarks Watch AppUITests.xctest */ = {isa = PBXFileReference; explicitFileType = wrapper.cfbundle; includeInIndex = 0; path = "WatchLandmarks Watch AppUITests.xctest"; sourceTree = BUILT_PRODUCTS_DIR; };
		3FAD886F2BDA1736005DF9EC /* LandmarkDetail.swift */ = {isa = PBXFileReference; lastKnownFileType = sourcecode.swift; path = LandmarkDetail.swift; sourceTree = "<group>"; };
		3FAD88732BDA1928005DF9EC /* NotificationView.swift */ = {isa = PBXFileReference; lastKnownFileType = sourcecode.swift; path = NotificationView.swift; sourceTree = "<group>"; };
		3FAD88782BDA1A98005DF9EC /* NotificationController.swift */ = {isa = PBXFileReference; lastKnownFileType = sourcecode.swift; path = NotificationController.swift; sourceTree = "<group>"; };
		3FAD887A2BDA1BB1005DF9EC /* PushNotificationPayload.apns */ = {isa = PBXFileReference; lastKnownFileType = text; path = PushNotificationPayload.apns; sourceTree = "<group>"; };
		3FAD887F2BDA2952005DF9EC /* MacLandmarks.app */ = {isa = PBXFileReference; explicitFileType = wrapper.application; includeInIndex = 0; path = MacLandmarks.app; sourceTree = BUILT_PRODUCTS_DIR; };
		3FAD88832BDA2952005DF9EC /* ContentView.swift */ = {isa = PBXFileReference; lastKnownFileType = sourcecode.swift; path = ContentView.swift; sourceTree = "<group>"; };
		3FAD88852BDA2953005DF9EC /* Assets.xcassets */ = {isa = PBXFileReference; lastKnownFileType = folder.assetcatalog; path = Assets.xcassets; sourceTree = "<group>"; };
		3FAD88882BDA2953005DF9EC /* Preview Assets.xcassets */ = {isa = PBXFileReference; lastKnownFileType = folder.assetcatalog; path = "Preview Assets.xcassets"; sourceTree = "<group>"; };
		3FAD888A2BDA2953005DF9EC /* MacLandmarks.entitlements */ = {isa = PBXFileReference; lastKnownFileType = text.plist.entitlements; path = MacLandmarks.entitlements; sourceTree = "<group>"; };
		3FAD889B2BDA2B5E005DF9EC /* LandmarkDetail.swift */ = {isa = PBXFileReference; lastKnownFileType = sourcecode.swift; path = LandmarkDetail.swift; sourceTree = "<group>"; };
		3FAD889D2BDA2EF9005DF9EC /* LandmarkCommands.swift */ = {isa = PBXFileReference; lastKnownFileType = sourcecode.swift; path = LandmarkCommands.swift; sourceTree = "<group>"; };
		3FAD88A02BDA32E0005DF9EC /* LandmarkSettings.swift */ = {isa = PBXFileReference; lastKnownFileType = sourcecode.swift; path = LandmarkSettings.swift; sourceTree = "<group>"; };
/* End PBXFileReference section */

/* Begin PBXFrameworksBuildPhase section */
		3F2F518D2BD0DC0D00E1E882 /* Frameworks */ = {
			isa = PBXFrameworksBuildPhase;
			buildActionMask = 2147483647;
			files = (
			);
			runOnlyForDeploymentPostprocessing = 0;
		};
		3F2F519D2BD0DC0E00E1E882 /* Frameworks */ = {
			isa = PBXFrameworksBuildPhase;
			buildActionMask = 2147483647;
			files = (
			);
			runOnlyForDeploymentPostprocessing = 0;
		};
		3F2F51A72BD0DC0E00E1E882 /* Frameworks */ = {
			isa = PBXFrameworksBuildPhase;
			buildActionMask = 2147483647;
			files = (
			);
			runOnlyForDeploymentPostprocessing = 0;
		};
		3F935AFF2BD21F47007E0A20 /* Frameworks */ = {
			isa = PBXFrameworksBuildPhase;
			buildActionMask = 2147483647;
			files = (
			);
			runOnlyForDeploymentPostprocessing = 0;
		};
		3F935B112BD21F49007E0A20 /* Frameworks */ = {
			isa = PBXFrameworksBuildPhase;
			buildActionMask = 2147483647;
			files = (
			);
			runOnlyForDeploymentPostprocessing = 0;
		};
		3F935B1B2BD21F49007E0A20 /* Frameworks */ = {
			isa = PBXFrameworksBuildPhase;
			buildActionMask = 2147483647;
			files = (
			);
			runOnlyForDeploymentPostprocessing = 0;
		};
		3FAD887C2BDA2952005DF9EC /* Frameworks */ = {
			isa = PBXFrameworksBuildPhase;
			buildActionMask = 2147483647;
			files = (
			);
			runOnlyForDeploymentPostprocessing = 0;
		};
/* End PBXFrameworksBuildPhase section */

/* Begin PBXGroup section */
		3F2F51872BD0DC0D00E1E882 = {
			isa = PBXGroup;
			children = (
				3F2F51922BD0DC0D00E1E882 /* Landmarks */,
				3F2F51A32BD0DC0E00E1E882 /* LandmarksTests */,
				3F2F51AD2BD0DC0E00E1E882 /* LandmarksUITests */,
				3F935B062BD21F47007E0A20 /* WatchLandmarks Watch App */,
				3FAD88802BDA2952005DF9EC /* MacLandmarks */,
				3F2F51912BD0DC0D00E1E882 /* Products */,
			);
			sourceTree = "<group>";
		};
		3F2F51912BD0DC0D00E1E882 /* Products */ = {
			isa = PBXGroup;
			children = (
				3F2F51902BD0DC0D00E1E882 /* Landmarks.app */,
				3F2F51A02BD0DC0E00E1E882 /* LandmarksTests.xctest */,
				3F2F51AA2BD0DC0E00E1E882 /* LandmarksUITests.xctest */,
				3F935AFD2BD21F47007E0A20 /* WatchLandmarks.app */,
				3F935B022BD21F47007E0A20 /* WatchLandmarks Watch App.app */,
				3F935B142BD21F49007E0A20 /* WatchLandmarks Watch AppTests.xctest */,
				3F935B1E2BD21F49007E0A20 /* WatchLandmarks Watch AppUITests.xctest */,
				3FAD887F2BDA2952005DF9EC /* MacLandmarks.app */,
			);
			name = Products;
			sourceTree = "<group>";
		};
		3F2F51922BD0DC0D00E1E882 /* Landmarks */ = {
			isa = PBXGroup;
			children = (
				3F2F51932BD0DC0D00E1E882 /* LandmarksApp.swift */,
				3F2F51C82BD0EAB700E1E882 /* Model */,
				3F2F51C72BD0EAA700E1E882 /* Views */,
				3F2F51C92BD0EAC200E1E882 /* Resources */,
				3F2F51972BD0DC0E00E1E882 /* Assets.xcassets */,
				3F2F51992BD0DC0E00E1E882 /* Preview Content */,
			);
			path = Landmarks;
			sourceTree = "<group>";
		};
		3F2F51992BD0DC0E00E1E882 /* Preview Content */ = {
			isa = PBXGroup;
			children = (
				3F2F519A2BD0DC0E00E1E882 /* Preview Assets.xcassets */,
			);
			path = "Preview Content";
			sourceTree = "<group>";
		};
		3F2F51A32BD0DC0E00E1E882 /* LandmarksTests */ = {
			isa = PBXGroup;
			children = (
				3F2F51A42BD0DC0E00E1E882 /* LandmarksTests.swift */,
			);
			path = LandmarksTests;
			sourceTree = "<group>";
		};
		3F2F51AD2BD0DC0E00E1E882 /* LandmarksUITests */ = {
			isa = PBXGroup;
			children = (
				3F2F51AE2BD0DC0E00E1E882 /* LandmarksUITests.swift */,
				3F2F51B02BD0DC0E00E1E882 /* LandmarksUITestsLaunchTests.swift */,
			);
			path = LandmarksUITests;
			sourceTree = "<group>";
		};
		3F2F51C72BD0EAA700E1E882 /* Views */ = {
			isa = PBXGroup;
			children = (
				3F2F51952BD0DC0D00E1E882 /* ContentView.swift */,
				3F935AF52BD21999007E0A20 /* FeatureCard.swift */,
				3FAD88712BDA186A005DF9EC /* PageView */,
				3F935AEA2BD212F9007E0A20 /* Profile */,
				3F935ADF2BD20DE1007E0A20 /* Categories */,
				3F935AD62BD204BB007E0A20 /* Hikes */,
				3F935AC62BD1FCA3007E0A20 /* Landmarks */,
				3F935AC52BD1FC68007E0A20 /* Helper */,
				3F935AD12BD202D3007E0A20 /* Badges */,
			);
			path = Views;
			sourceTree = "<group>";
		};
		3F2F51C82BD0EAB700E1E882 /* Model */ = {
			isa = PBXGroup;
			children = (
				3F2F51C32BD0E93F00E1E882 /* Landmark.swift */,
				3F2F51C52BD0EA4700E1E882 /* ModelData.swift */,
				3F935AD42BD20438007E0A20 /* Hike.swift */,
				3F935AE82BD212AA007E0A20 /* Profile.swift */,
			);
			path = Model;
			sourceTree = "<group>";
		};
		3F2F51C92BD0EAC200E1E882 /* Resources */ = {
			isa = PBXGroup;
			children = (
				3F935AD22BD2039B007E0A20 /* hikeData.json */,
				3F2F51C12BD0E8E700E1E882 /* landmarkData.json */,
			);
			path = Resources;
			sourceTree = "<group>";
		};
		3F935AC52BD1FC68007E0A20 /* Helper */ = {
			isa = PBXGroup;
			children = (
				3F2F51BD2BD0E48A00E1E882 /* CircleImage.swift */,
				3F2F51BF2BD0E50100E1E882 /* MapView.swift */,
				3F935AC22BD1FB89007E0A20 /* FavoriteButton.swift */,
			);
			path = Helper;
			sourceTree = "<group>";
		};
		3F935AC62BD1FCA3007E0A20 /* Landmarks */ = {
			isa = PBXGroup;
			children = (
				3F2F51CA2BD0EB9000E1E882 /* LandmarkRow.swift */,
				3F2F51CC2BD0ECEA00E1E882 /* LandmarkList.swift */,
				3F2F51CE2BD0EDD300E1E882 /* LandmarkDetail.swift */,
				3FAD889D2BDA2EF9005DF9EC /* LandmarkCommands.swift */,
			);
			path = Landmarks;
			sourceTree = "<group>";
		};
		3F935AD12BD202D3007E0A20 /* Badges */ = {
			isa = PBXGroup;
			children = (
				3F935AC72BD1FF3E007E0A20 /* HexagonParameters.swift */,
				3F935AC92BD1FFA0007E0A20 /* BadgeBackground.swift */,
				3F935ACB2BD201BC007E0A20 /* BadgeSymbol.swift */,
				3F935ACD2BD201F6007E0A20 /* RotatedBadge.swift */,
				3F935ACF2BD20277007E0A20 /* Badge.swift */,
			);
			path = Badges;
			sourceTree = "<group>";
		};
		3F935AD62BD204BB007E0A20 /* Hikes */ = {
			isa = PBXGroup;
			children = (
				3F935AD72BD204BB007E0A20 /* GraphCapsule.swift */,
				3F935AD82BD204BB007E0A20 /* HikeGraph.swift */,
				3F935AD92BD204BB007E0A20 /* HikeDetail.swift */,
				3F935ADA2BD204BB007E0A20 /* HikeView.swift */,
				3F935AEF2BD21448007E0A20 /* HikeBadge.swift */,
			);
			path = Hikes;
			sourceTree = "<group>";
		};
		3F935ADF2BD20DE1007E0A20 /* Categories */ = {
			isa = PBXGroup;
			children = (
				3F935AE02BD20E25007E0A20 /* CategoryHome.swift */,
				3F935AE22BD20F30007E0A20 /* CategoryRow.swift */,
				3F935AE42BD20FBD007E0A20 /* CategoryItem.swift */,
			);
			path = Categories;
			sourceTree = "<group>";
		};
		3F935AEA2BD212F9007E0A20 /* Profile */ = {
			isa = PBXGroup;
			children = (
				3F935AEB2BD2136C007E0A20 /* ProfileHost.swift */,
				3F935AED2BD213CD007E0A20 /* ProfileSummary.swift */,
				3F935AF12BD2162A007E0A20 /* ProfileEditor.swift */,
			);
			path = Profile;
			sourceTree = "<group>";
		};
		3F935B062BD21F47007E0A20 /* WatchLandmarks Watch App */ = {
			isa = PBXGroup;
			children = (
				3FAD88782BDA1A98005DF9EC /* NotificationController.swift */,
				3F935B092BD21F47007E0A20 /* ContentView.swift */,
				3FAD88732BDA1928005DF9EC /* NotificationView.swift */,
				3FAD886F2BDA1736005DF9EC /* LandmarkDetail.swift */,
				3F935B0B2BD21F48007E0A20 /* Assets.xcassets */,
				3F935B0D2BD21F48007E0A20 /* Preview Content */,
				3FAD887A2BDA1BB1005DF9EC /* PushNotificationPayload.apns */,
			);
			path = "WatchLandmarks Watch App";
			sourceTree = "<group>";
		};
		3F935B0D2BD21F48007E0A20 /* Preview Content */ = {
			isa = PBXGroup;
			children = (
				3F935B0E2BD21F48007E0A20 /* Preview Assets.xcassets */,
			);
			path = "Preview Content";
			sourceTree = "<group>";
		};
		3FAD88712BDA186A005DF9EC /* PageView */ = {
			isa = PBXGroup;
			children = (
				3F935AF72BD219CC007E0A20 /* PageView.swift */,
				3F935AF32BD218D9007E0A20 /* PageViewController.swift */,
				3F935AF92BD21CE5007E0A20 /* PageControl.swift */,
			);
			path = PageView;
			sourceTree = "<group>";
		};
		3FAD88802BDA2952005DF9EC /* MacLandmarks */ = {
			isa = PBXGroup;
			children = (
				3FAD88832BDA2952005DF9EC /* ContentView.swift */,
				3FAD889B2BDA2B5E005DF9EC /* LandmarkDetail.swift */,
				3FAD88852BDA2953005DF9EC /* Assets.xcassets */,
				3FAD888A2BDA2953005DF9EC /* MacLandmarks.entitlements */,
				3FAD88872BDA2953005DF9EC /* Preview Content */,
				3FAD88A02BDA32E0005DF9EC /* LandmarkSettings.swift */,
			);
			path = MacLandmarks;
			sourceTree = "<group>";
		};
		3FAD88872BDA2953005DF9EC /* Preview Content */ = {
			isa = PBXGroup;
			children = (
				3FAD88882BDA2953005DF9EC /* Preview Assets.xcassets */,
			);
			path = "Preview Content";
			sourceTree = "<group>";
		};
/* End PBXGroup section */

/* Begin PBXNativeTarget section */
		3F2F518F2BD0DC0D00E1E882 /* Landmarks */ = {
			isa = PBXNativeTarget;
			buildConfigurationList = 3F2F51B42BD0DC0E00E1E882 /* Build configuration list for PBXNativeTarget "Landmarks" */;
			buildPhases = (
				3F2F518C2BD0DC0D00E1E882 /* Sources */,
				3F2F518D2BD0DC0D00E1E882 /* Frameworks */,
				3F2F518E2BD0DC0D00E1E882 /* Resources */,
			);
			buildRules = (
			);
			dependencies = (
			);
			name = Landmarks;
			productName = Landmarks;
			productReference = 3F2F51902BD0DC0D00E1E882 /* Landmarks.app */;
			productType = "com.apple.product-type.application";
		};
		3F2F519F2BD0DC0E00E1E882 /* LandmarksTests */ = {
			isa = PBXNativeTarget;
			buildConfigurationList = 3F2F51B72BD0DC0E00E1E882 /* Build configuration list for PBXNativeTarget "LandmarksTests" */;
			buildPhases = (
				3F2F519C2BD0DC0E00E1E882 /* Sources */,
				3F2F519D2BD0DC0E00E1E882 /* Frameworks */,
				3F2F519E2BD0DC0E00E1E882 /* Resources */,
			);
			buildRules = (
			);
			dependencies = (
				3F2F51A22BD0DC0E00E1E882 /* PBXTargetDependency */,
			);
			name = LandmarksTests;
			productName = LandmarksTests;
			productReference = 3F2F51A02BD0DC0E00E1E882 /* LandmarksTests.xctest */;
			productType = "com.apple.product-type.bundle.unit-test";
		};
		3F2F51A92BD0DC0E00E1E882 /* LandmarksUITests */ = {
			isa = PBXNativeTarget;
			buildConfigurationList = 3F2F51BA2BD0DC0E00E1E882 /* Build configuration list for PBXNativeTarget "LandmarksUITests" */;
			buildPhases = (
				3F2F51A62BD0DC0E00E1E882 /* Sources */,
				3F2F51A72BD0DC0E00E1E882 /* Frameworks */,
				3F2F51A82BD0DC0E00E1E882 /* Resources */,
			);
			buildRules = (
			);
			dependencies = (
				3F2F51AC2BD0DC0E00E1E882 /* PBXTargetDependency */,
			);
			name = LandmarksUITests;
			productName = LandmarksUITests;
			productReference = 3F2F51AA2BD0DC0E00E1E882 /* LandmarksUITests.xctest */;
			productType = "com.apple.product-type.bundle.ui-testing";
		};
		3F935AFC2BD21F47007E0A20 /* WatchLandmarks */ = {
			isa = PBXNativeTarget;
			buildConfigurationList = 3F935B2A2BD21F49007E0A20 /* Build configuration list for PBXNativeTarget "WatchLandmarks" */;
			buildPhases = (
				3F935AFB2BD21F47007E0A20 /* Resources */,
				3F935B292BD21F49007E0A20 /* Embed Watch Content */,
			);
			buildRules = (
			);
			dependencies = (
				3F935B052BD21F47007E0A20 /* PBXTargetDependency */,
			);
			name = WatchLandmarks;
			productName = WatchLandmarks;
			productReference = 3F935AFD2BD21F47007E0A20 /* WatchLandmarks.app */;
			productType = "com.apple.product-type.application.watchapp2-container";
		};
		3F935B012BD21F47007E0A20 /* WatchLandmarks Watch App */ = {
			isa = PBXNativeTarget;
			buildConfigurationList = 3F935B262BD21F49007E0A20 /* Build configuration list for PBXNativeTarget "WatchLandmarks Watch App" */;
			buildPhases = (
				3F935AFE2BD21F47007E0A20 /* Sources */,
				3F935AFF2BD21F47007E0A20 /* Frameworks */,
				3F935B002BD21F47007E0A20 /* Resources */,
			);
			buildRules = (
			);
			dependencies = (
			);
			name = "WatchLandmarks Watch App";
			productName = "WatchLandmarks Watch App";
			productReference = 3F935B022BD21F47007E0A20 /* WatchLandmarks Watch App.app */;
			productType = "com.apple.product-type.application";
		};
		3F935B132BD21F49007E0A20 /* WatchLandmarks Watch AppTests */ = {
			isa = PBXNativeTarget;
			buildConfigurationList = 3F935B2D2BD21F49007E0A20 /* Build configuration list for PBXNativeTarget "WatchLandmarks Watch AppTests" */;
			buildPhases = (
				3F935B102BD21F49007E0A20 /* Sources */,
				3F935B112BD21F49007E0A20 /* Frameworks */,
				3F935B122BD21F49007E0A20 /* Resources */,
			);
			buildRules = (
			);
			dependencies = (
				3F935B162BD21F49007E0A20 /* PBXTargetDependency */,
			);
			name = "WatchLandmarks Watch AppTests";
			productName = "WatchLandmarks Watch AppTests";
			productReference = 3F935B142BD21F49007E0A20 /* WatchLandmarks Watch AppTests.xctest */;
			productType = "com.apple.product-type.bundle.unit-test";
		};
		3F935B1D2BD21F49007E0A20 /* WatchLandmarks Watch AppUITests */ = {
			isa = PBXNativeTarget;
			buildConfigurationList = 3F935B302BD21F49007E0A20 /* Build configuration list for PBXNativeTarget "WatchLandmarks Watch AppUITests" */;
			buildPhases = (
				3F935B1A2BD21F49007E0A20 /* Sources */,
				3F935B1B2BD21F49007E0A20 /* Frameworks */,
				3F935B1C2BD21F49007E0A20 /* Resources */,
			);
			buildRules = (
			);
			dependencies = (
				3F935B202BD21F49007E0A20 /* PBXTargetDependency */,
			);
			name = "WatchLandmarks Watch AppUITests";
			productName = "WatchLandmarks Watch AppUITests";
			productReference = 3F935B1E2BD21F49007E0A20 /* WatchLandmarks Watch AppUITests.xctest */;
			productType = "com.apple.product-type.bundle.ui-testing";
		};
		3FAD887E2BDA2952005DF9EC /* MacLandmarks */ = {
			isa = PBXNativeTarget;
			buildConfigurationList = 3FAD888B2BDA2953005DF9EC /* Build configuration list for PBXNativeTarget "MacLandmarks" */;
			buildPhases = (
				3FAD887B2BDA2952005DF9EC /* Sources */,
				3FAD887C2BDA2952005DF9EC /* Frameworks */,
				3FAD887D2BDA2952005DF9EC /* Resources */,
			);
			buildRules = (
			);
			dependencies = (
			);
			name = MacLandmarks;
			productName = MacLandmarks;
			productReference = 3FAD887F2BDA2952005DF9EC /* MacLandmarks.app */;
			productType = "com.apple.product-type.application";
		};
/* End PBXNativeTarget section */

/* Begin PBXProject section */
		3F2F51882BD0DC0D00E1E882 /* Project object */ = {
			isa = PBXProject;
			attributes = {
				BuildIndependentTargetsInParallel = 1;
				LastSwiftUpdateCheck = 1520;
				LastUpgradeCheck = 1520;
				TargetAttributes = {
					3F2F518F2BD0DC0D00E1E882 = {
						CreatedOnToolsVersion = 15.2;
					};
					3F2F519F2BD0DC0E00E1E882 = {
						CreatedOnToolsVersion = 15.2;
						TestTargetID = 3F2F518F2BD0DC0D00E1E882;
					};
					3F2F51A92BD0DC0E00E1E882 = {
						CreatedOnToolsVersion = 15.2;
						TestTargetID = 3F2F518F2BD0DC0D00E1E882;
					};
					3F935AFC2BD21F47007E0A20 = {
						CreatedOnToolsVersion = 15.2;
					};
					3F935B012BD21F47007E0A20 = {
						CreatedOnToolsVersion = 15.2;
					};
					3F935B132BD21F49007E0A20 = {
						CreatedOnToolsVersion = 15.2;
						TestTargetID = 3F935B012BD21F47007E0A20;
					};
					3F935B1D2BD21F49007E0A20 = {
						CreatedOnToolsVersion = 15.2;
						TestTargetID = 3F935B012BD21F47007E0A20;
					};
					3FAD887E2BDA2952005DF9EC = {
						CreatedOnToolsVersion = 15.2;
					};
				};
			};
			buildConfigurationList = 3F2F518B2BD0DC0D00E1E882 /* Build configuration list for PBXProject "Landmarks" */;
			compatibilityVersion = "Xcode 14.0";
			developmentRegion = en;
			hasScannedForEncodings = 0;
			knownRegions = (
				en,
				Base,
			);
			mainGroup = 3F2F51872BD0DC0D00E1E882;
			productRefGroup = 3F2F51912BD0DC0D00E1E882 /* Products */;
			projectDirPath = "";
			projectRoot = "";
			targets = (
				3F2F518F2BD0DC0D00E1E882 /* Landmarks */,
				3F2F519F2BD0DC0E00E1E882 /* LandmarksTests */,
				3F2F51A92BD0DC0E00E1E882 /* LandmarksUITests */,
				3F935AFC2BD21F47007E0A20 /* WatchLandmarks */,
				3F935B012BD21F47007E0A20 /* WatchLandmarks Watch App */,
				3F935B132BD21F49007E0A20 /* WatchLandmarks Watch AppTests */,
				3F935B1D2BD21F49007E0A20 /* WatchLandmarks Watch AppUITests */,
				3FAD887E2BDA2952005DF9EC /* MacLandmarks */,
			);
		};
/* End PBXProject section */

/* Begin PBXResourcesBuildPhase section */
		3F2F518E2BD0DC0D00E1E882 /* Resources */ = {
			isa = PBXResourcesBuildPhase;
			buildActionMask = 2147483647;
			files = (
				3F935AD32BD2039B007E0A20 /* hikeData.json in Resources */,
				3F2F519B2BD0DC0E00E1E882 /* Preview Assets.xcassets in Resources */,
				3F2F51982BD0DC0E00E1E882 /* Assets.xcassets in Resources */,
				3F2F51C22BD0E8E700E1E882 /* landmarkData.json in Resources */,
			);
			runOnlyForDeploymentPostprocessing = 0;
		};
		3F2F519E2BD0DC0E00E1E882 /* Resources */ = {
			isa = PBXResourcesBuildPhase;
			buildActionMask = 2147483647;
			files = (
			);
			runOnlyForDeploymentPostprocessing = 0;
		};
		3F2F51A82BD0DC0E00E1E882 /* Resources */ = {
			isa = PBXResourcesBuildPhase;
			buildActionMask = 2147483647;
			files = (
			);
			runOnlyForDeploymentPostprocessing = 0;
		};
		3F935AFB2BD21F47007E0A20 /* Resources */ = {
			isa = PBXResourcesBuildPhase;
			buildActionMask = 2147483647;
			files = (
			);
			runOnlyForDeploymentPostprocessing = 0;
		};
		3F935B002BD21F47007E0A20 /* Resources */ = {
			isa = PBXResourcesBuildPhase;
			buildActionMask = 2147483647;
			files = (
				3F935B0F2BD21F48007E0A20 /* Preview Assets.xcassets in Resources */,
				3FAD88752BDA19A9005DF9EC /* landmarkData.json in Resources */,
				3F935B0C2BD21F48007E0A20 /* Assets.xcassets in Resources */,
				3FAD886B2BDA1107005DF9EC /* Assets.xcassets in Resources */,
				3FAD88772BDA19A9005DF9EC /* hikeData.json in Resources */,
			);
			runOnlyForDeploymentPostprocessing = 0;
		};
		3F935B122BD21F49007E0A20 /* Resources */ = {
			isa = PBXResourcesBuildPhase;
			buildActionMask = 2147483647;
			files = (
			);
			runOnlyForDeploymentPostprocessing = 0;
		};
		3F935B1C2BD21F49007E0A20 /* Resources */ = {
			isa = PBXResourcesBuildPhase;
			buildActionMask = 2147483647;
			files = (
			);
			runOnlyForDeploymentPostprocessing = 0;
		};
		3FAD887D2BDA2952005DF9EC /* Resources */ = {
			isa = PBXResourcesBuildPhase;
			buildActionMask = 2147483647;
			files = (
				3FAD88922BDA2A6E005DF9EC /* hikeData.json in Resources */,
				3FAD88892BDA2953005DF9EC /* Preview Assets.xcassets in Resources */,
				3FAD88902BDA2A6E005DF9EC /* Assets.xcassets in Resources */,
				3FAD889A2BDA2A6E005DF9EC /* landmarkData.json in Resources */,
				3FAD88862BDA2953005DF9EC /* Assets.xcassets in Resources */,
			);
			runOnlyForDeploymentPostprocessing = 0;
		};
/* End PBXResourcesBuildPhase section */

/* Begin PBXSourcesBuildPhase section */
		3F2F518C2BD0DC0D00E1E882 /* Sources */ = {
			isa = PBXSourcesBuildPhase;
			buildActionMask = 2147483647;
			files = (
				3F935AE32BD20F30007E0A20 /* CategoryRow.swift in Sources */,
				3F935AE92BD212AA007E0A20 /* Profile.swift in Sources */,
				3FAD889E2BDA2EF9005DF9EC /* LandmarkCommands.swift in Sources */,
				3F2F51962BD0DC0D00E1E882 /* ContentView.swift in Sources */,
				3F935AE12BD20E25007E0A20 /* CategoryHome.swift in Sources */,
				3F935AF62BD21999007E0A20 /* FeatureCard.swift in Sources */,
				3F935ADC2BD204BB007E0A20 /* HikeGraph.swift in Sources */,
				3F935AD02BD20277007E0A20 /* Badge.swift in Sources */,
				3F2F51C02BD0E50100E1E882 /* MapView.swift in Sources */,
				3F935ADB2BD204BB007E0A20 /* GraphCapsule.swift in Sources */,
				3F2F51942BD0DC0D00E1E882 /* LandmarksApp.swift in Sources */,
				3F935AFA2BD21CE5007E0A20 /* PageControl.swift in Sources */,
				3F935AC32BD1FB89007E0A20 /* FavoriteButton.swift in Sources */,
				3F935AE52BD20FBD007E0A20 /* CategoryItem.swift in Sources */,
				3F935ADD2BD204BB007E0A20 /* HikeDetail.swift in Sources */,
				3F935AEE2BD213CD007E0A20 /* ProfileSummary.swift in Sources */,
				3F935AC82BD1FF3E007E0A20 /* HexagonParameters.swift in Sources */,
				3F935AEC2BD2136C007E0A20 /* ProfileHost.swift in Sources */,
				3F935AD52BD20438007E0A20 /* Hike.swift in Sources */,
				3F935ACC2BD201BC007E0A20 /* BadgeSymbol.swift in Sources */,
				3F935AF82BD219CC007E0A20 /* PageView.swift in Sources */,
				3F2F51CD2BD0ECEA00E1E882 /* LandmarkList.swift in Sources */,
				3F935AF22BD2162A007E0A20 /* ProfileEditor.swift in Sources */,
				3F2F51CF2BD0EDD300E1E882 /* LandmarkDetail.swift in Sources */,
				3F935ADE2BD204BB007E0A20 /* HikeView.swift in Sources */,
				3F935ACA2BD1FFA0007E0A20 /* BadgeBackground.swift in Sources */,
				3F2F51BE2BD0E48A00E1E882 /* CircleImage.swift in Sources */,
				3F935AF02BD21448007E0A20 /* HikeBadge.swift in Sources */,
				3F2F51C42BD0E93F00E1E882 /* Landmark.swift in Sources */,
				3F935ACE2BD201F6007E0A20 /* RotatedBadge.swift in Sources */,
				3F935AF42BD218D9007E0A20 /* PageViewController.swift in Sources */,
				3F2F51CB2BD0EB9000E1E882 /* LandmarkRow.swift in Sources */,
				3F2F51C62BD0EA4700E1E882 /* ModelData.swift in Sources */,
			);
			runOnlyForDeploymentPostprocessing = 0;
		};
		3F2F519C2BD0DC0E00E1E882 /* Sources */ = {
			isa = PBXSourcesBuildPhase;
			buildActionMask = 2147483647;
			files = (
				3F2F51A52BD0DC0E00E1E882 /* LandmarksTests.swift in Sources */,
			);
			runOnlyForDeploymentPostprocessing = 0;
		};
		3F2F51A62BD0DC0E00E1E882 /* Sources */ = {
			isa = PBXSourcesBuildPhase;
			buildActionMask = 2147483647;
			files = (
				3F2F51B12BD0DC0E00E1E882 /* LandmarksUITestsLaunchTests.swift in Sources */,
				3F2F51AF2BD0DC0E00E1E882 /* LandmarksUITests.swift in Sources */,
			);
			runOnlyForDeploymentPostprocessing = 0;
		};
		3F935AFE2BD21F47007E0A20 /* Sources */ = {
			isa = PBXSourcesBuildPhase;
			buildActionMask = 2147483647;
			files = (
				3FAD88642BDA1107005DF9EC /* Hike.swift in Sources */,
				3FAD88662BDA1107005DF9EC /* CircleImage.swift in Sources */,
				3F935B0A2BD21F47007E0A20 /* ContentView.swift in Sources */,
				3FAD886A2BDA1107005DF9EC /* LandmarksApp.swift in Sources */,
				3FAD88652BDA1107005DF9EC /* LandmarkList.swift in Sources */,
				3FAD88762BDA19A9005DF9EC /* ModelData.swift in Sources */,
				3FAD88602BDA1107005DF9EC /* Profile.swift in Sources */,
				3FAD88632BDA1107005DF9EC /* LandmarkRow.swift in Sources */,
				3FAD88672BDA1107005DF9EC /* MapView.swift in Sources */,
				3FAD88792BDA1A98005DF9EC /* NotificationController.swift in Sources */,
				3FAD88612BDA1107005DF9EC /* Landmark.swift in Sources */,
				3FAD88702BDA1736005DF9EC /* LandmarkDetail.swift in Sources */,
				3FAD88742BDA1928005DF9EC /* NotificationView.swift in Sources */,
			);
			runOnlyForDeploymentPostprocessing = 0;
		};
		3F935B102BD21F49007E0A20 /* Sources */ = {
			isa = PBXSourcesBuildPhase;
			buildActionMask = 2147483647;
			files = (
			);
			runOnlyForDeploymentPostprocessing = 0;
		};
		3F935B1A2BD21F49007E0A20 /* Sources */ = {
			isa = PBXSourcesBuildPhase;
			buildActionMask = 2147483647;
			files = (
			);
			runOnlyForDeploymentPostprocessing = 0;
		};
		3FAD887B2BDA2952005DF9EC /* Sources */ = {
			isa = PBXSourcesBuildPhase;
			buildActionMask = 2147483647;
			files = (
				3FAD88942BDA2A6E005DF9EC /* Hike.swift in Sources */,
				3FAD88962BDA2A6E005DF9EC /* Profile.swift in Sources */,
				3FAD88A12BDA32E0005DF9EC /* LandmarkSettings.swift in Sources */,
				3FAD888F2BDA2A6E005DF9EC /* FavoriteButton.swift in Sources */,
				3FAD88992BDA2A6E005DF9EC /* MapView.swift in Sources */,
				3FAD889F2BDA2EF9005DF9EC /* LandmarkCommands.swift in Sources */,
				3FAD889C2BDA2B5E005DF9EC /* LandmarkDetail.swift in Sources */,
				3FAD88842BDA2952005DF9EC /* ContentView.swift in Sources */,
				3FAD888E2BDA2A6E005DF9EC /* ModelData.swift in Sources */,
				3FAD88972BDA2A6E005DF9EC /* CircleImage.swift in Sources */,
				3FAD88912BDA2A6E005DF9EC /* LandmarksApp.swift in Sources */,
				3FAD88952BDA2A6E005DF9EC /* LandmarkRow.swift in Sources */,
				3FAD88932BDA2A6E005DF9EC /* Landmark.swift in Sources */,
				3FAD88982BDA2A6E005DF9EC /* LandmarkList.swift in Sources */,
			);
			runOnlyForDeploymentPostprocessing = 0;
		};
/* End PBXSourcesBuildPhase section */

/* Begin PBXTargetDependency section */
		3F2F51A22BD0DC0E00E1E882 /* PBXTargetDependency */ = {
			isa = PBXTargetDependency;
			target = 3F2F518F2BD0DC0D00E1E882 /* Landmarks */;
			targetProxy = 3F2F51A12BD0DC0E00E1E882 /* PBXContainerItemProxy */;
		};
		3F2F51AC2BD0DC0E00E1E882 /* PBXTargetDependency */ = {
			isa = PBXTargetDependency;
			target = 3F2F518F2BD0DC0D00E1E882 /* Landmarks */;
			targetProxy = 3F2F51AB2BD0DC0E00E1E882 /* PBXContainerItemProxy */;
		};
		3F935B052BD21F47007E0A20 /* PBXTargetDependency */ = {
			isa = PBXTargetDependency;
			target = 3F935B012BD21F47007E0A20 /* WatchLandmarks Watch App */;
			targetProxy = 3F935B042BD21F47007E0A20 /* PBXContainerItemProxy */;
		};
		3F935B162BD21F49007E0A20 /* PBXTargetDependency */ = {
			isa = PBXTargetDependency;
			target = 3F935B012BD21F47007E0A20 /* WatchLandmarks Watch App */;
			targetProxy = 3F935B152BD21F49007E0A20 /* PBXContainerItemProxy */;
		};
		3F935B202BD21F49007E0A20 /* PBXTargetDependency */ = {
			isa = PBXTargetDependency;
			target = 3F935B012BD21F47007E0A20 /* WatchLandmarks Watch App */;
			targetProxy = 3F935B1F2BD21F49007E0A20 /* PBXContainerItemProxy */;
		};
/* End PBXTargetDependency section */

/* Begin XCBuildConfiguration section */
		3F2F51B22BD0DC0E00E1E882 /* Debug */ = {
			isa = XCBuildConfiguration;
			buildSettings = {
				ALWAYS_SEARCH_USER_PATHS = NO;
				ASSETCATALOG_COMPILER_GENERATE_SWIFT_ASSET_SYMBOL_EXTENSIONS = YES;
				CLANG_ANALYZER_NONNULL = YES;
				CLANG_ANALYZER_NUMBER_OBJECT_CONVERSION = YES_AGGRESSIVE;
				CLANG_CXX_LANGUAGE_STANDARD = "gnu++20";
				CLANG_ENABLE_MODULES = YES;
				CLANG_ENABLE_OBJC_ARC = YES;
				CLANG_ENABLE_OBJC_WEAK = YES;
				CLANG_WARN_BLOCK_CAPTURE_AUTORELEASING = YES;
				CLANG_WARN_BOOL_CONVERSION = YES;
				CLANG_WARN_COMMA = YES;
				CLANG_WARN_CONSTANT_CONVERSION = YES;
				CLANG_WARN_DEPRECATED_OBJC_IMPLEMENTATIONS = YES;
				CLANG_WARN_DIRECT_OBJC_ISA_USAGE = YES_ERROR;
				CLANG_WARN_DOCUMENTATION_COMMENTS = YES;
				CLANG_WARN_EMPTY_BODY = YES;
				CLANG_WARN_ENUM_CONVERSION = YES;
				CLANG_WARN_INFINITE_RECURSION = YES;
				CLANG_WARN_INT_CONVERSION = YES;
				CLANG_WARN_NON_LITERAL_NULL_CONVERSION = YES;
				CLANG_WARN_OBJC_IMPLICIT_RETAIN_SELF = YES;
				CLANG_WARN_OBJC_LITERAL_CONVERSION = YES;
				CLANG_WARN_OBJC_ROOT_CLASS = YES_ERROR;
				CLANG_WARN_QUOTED_INCLUDE_IN_FRAMEWORK_HEADER = YES;
				CLANG_WARN_RANGE_LOOP_ANALYSIS = YES;
				CLANG_WARN_STRICT_PROTOTYPES = YES;
				CLANG_WARN_SUSPICIOUS_MOVE = YES;
				CLANG_WARN_UNGUARDED_AVAILABILITY = YES_AGGRESSIVE;
				CLANG_WARN_UNREACHABLE_CODE = YES;
				CLANG_WARN__DUPLICATE_METHOD_MATCH = YES;
				COPY_PHASE_STRIP = NO;
				DEBUG_INFORMATION_FORMAT = dwarf;
				ENABLE_STRICT_OBJC_MSGSEND = YES;
				ENABLE_TESTABILITY = YES;
				ENABLE_USER_SCRIPT_SANDBOXING = YES;
				GCC_C_LANGUAGE_STANDARD = gnu17;
				GCC_DYNAMIC_NO_PIC = NO;
				GCC_NO_COMMON_BLOCKS = YES;
				GCC_OPTIMIZATION_LEVEL = 0;
				GCC_PREPROCESSOR_DEFINITIONS = (
					"DEBUG=1",
					"$(inherited)",
				);
				GCC_WARN_64_TO_32_BIT_CONVERSION = YES;
				GCC_WARN_ABOUT_RETURN_TYPE = YES_ERROR;
				GCC_WARN_UNDECLARED_SELECTOR = YES;
				GCC_WARN_UNINITIALIZED_AUTOS = YES_AGGRESSIVE;
				GCC_WARN_UNUSED_FUNCTION = YES;
				GCC_WARN_UNUSED_VARIABLE = YES;
				IPHONEOS_DEPLOYMENT_TARGET = 17.2;
				LOCALIZATION_PREFERS_STRING_CATALOGS = YES;
				MTL_ENABLE_DEBUG_INFO = INCLUDE_SOURCE;
				MTL_FAST_MATH = YES;
				ONLY_ACTIVE_ARCH = YES;
				SDKROOT = iphoneos;
				SWIFT_ACTIVE_COMPILATION_CONDITIONS = "DEBUG $(inherited)";
				SWIFT_OPTIMIZATION_LEVEL = "-Onone";
			};
			name = Debug;
		};
		3F2F51B32BD0DC0E00E1E882 /* Release */ = {
			isa = XCBuildConfiguration;
			buildSettings = {
				ALWAYS_SEARCH_USER_PATHS = NO;
				ASSETCATALOG_COMPILER_GENERATE_SWIFT_ASSET_SYMBOL_EXTENSIONS = YES;
				CLANG_ANALYZER_NONNULL = YES;
				CLANG_ANALYZER_NUMBER_OBJECT_CONVERSION = YES_AGGRESSIVE;
				CLANG_CXX_LANGUAGE_STANDARD = "gnu++20";
				CLANG_ENABLE_MODULES = YES;
				CLANG_ENABLE_OBJC_ARC = YES;
				CLANG_ENABLE_OBJC_WEAK = YES;
				CLANG_WARN_BLOCK_CAPTURE_AUTORELEASING = YES;
				CLANG_WARN_BOOL_CONVERSION = YES;
				CLANG_WARN_COMMA = YES;
				CLANG_WARN_CONSTANT_CONVERSION = YES;
				CLANG_WARN_DEPRECATED_OBJC_IMPLEMENTATIONS = YES;
				CLANG_WARN_DIRECT_OBJC_ISA_USAGE = YES_ERROR;
				CLANG_WARN_DOCUMENTATION_COMMENTS = YES;
				CLANG_WARN_EMPTY_BODY = YES;
				CLANG_WARN_ENUM_CONVERSION = YES;
				CLANG_WARN_INFINITE_RECURSION = YES;
				CLANG_WARN_INT_CONVERSION = YES;
				CLANG_WARN_NON_LITERAL_NULL_CONVERSION = YES;
				CLANG_WARN_OBJC_IMPLICIT_RETAIN_SELF = YES;
				CLANG_WARN_OBJC_LITERAL_CONVERSION = YES;
				CLANG_WARN_OBJC_ROOT_CLASS = YES_ERROR;
				CLANG_WARN_QUOTED_INCLUDE_IN_FRAMEWORK_HEADER = YES;
				CLANG_WARN_RANGE_LOOP_ANALYSIS = YES;
				CLANG_WARN_STRICT_PROTOTYPES = YES;
				CLANG_WARN_SUSPICIOUS_MOVE = YES;
				CLANG_WARN_UNGUARDED_AVAILABILITY = YES_AGGRESSIVE;
				CLANG_WARN_UNREACHABLE_CODE = YES;
				CLANG_WARN__DUPLICATE_METHOD_MATCH = YES;
				COPY_PHASE_STRIP = NO;
				DEBUG_INFORMATION_FORMAT = "dwarf-with-dsym";
				ENABLE_NS_ASSERTIONS = NO;
				ENABLE_STRICT_OBJC_MSGSEND = YES;
				ENABLE_USER_SCRIPT_SANDBOXING = YES;
				GCC_C_LANGUAGE_STANDARD = gnu17;
				GCC_NO_COMMON_BLOCKS = YES;
				GCC_WARN_64_TO_32_BIT_CONVERSION = YES;
				GCC_WARN_ABOUT_RETURN_TYPE = YES_ERROR;
				GCC_WARN_UNDECLARED_SELECTOR = YES;
				GCC_WARN_UNINITIALIZED_AUTOS = YES_AGGRESSIVE;
				GCC_WARN_UNUSED_FUNCTION = YES;
				GCC_WARN_UNUSED_VARIABLE = YES;
				IPHONEOS_DEPLOYMENT_TARGET = 17.2;
				LOCALIZATION_PREFERS_STRING_CATALOGS = YES;
				MTL_ENABLE_DEBUG_INFO = NO;
				MTL_FAST_MATH = YES;
				SDKROOT = iphoneos;
				SWIFT_COMPILATION_MODE = wholemodule;
				VALIDATE_PRODUCT = YES;
			};
			name = Release;
		};
		3F2F51B52BD0DC0E00E1E882 /* Debug */ = {
			isa = XCBuildConfiguration;
			buildSettings = {
				ASSETCATALOG_COMPILER_APPICON_NAME = AppIcon;
				ASSETCATALOG_COMPILER_GLOBAL_ACCENT_COLOR_NAME = AccentColor;
				CODE_SIGN_STYLE = Automatic;
				CURRENT_PROJECT_VERSION = 1;
				DEVELOPMENT_ASSET_PATHS = "\"Landmarks/Preview Content\"";
				ENABLE_PREVIEWS = YES;
				GENERATE_INFOPLIST_FILE = YES;
				INFOPLIST_KEY_UIApplicationSceneManifest_Generation = YES;
				INFOPLIST_KEY_UIApplicationSupportsIndirectInputEvents = YES;
				INFOPLIST_KEY_UILaunchScreen_Generation = YES;
				INFOPLIST_KEY_UISupportedInterfaceOrientations_iPad = "UIInterfaceOrientationPortrait UIInterfaceOrientationPortraitUpsideDown UIInterfaceOrientationLandscapeLeft UIInterfaceOrientationLandscapeRight";
				INFOPLIST_KEY_UISupportedInterfaceOrientations_iPhone = "UIInterfaceOrientationPortrait UIInterfaceOrientationLandscapeLeft UIInterfaceOrientationLandscapeRight";
				LD_RUNPATH_SEARCH_PATHS = (
					"$(inherited)",
					"@executable_path/Frameworks",
				);
				MARKETING_VERSION = 1.0;
				PRODUCT_BUNDLE_IDENTIFIER = coba.Landmarks;
				PRODUCT_NAME = "$(TARGET_NAME)";
				SWIFT_EMIT_LOC_STRINGS = YES;
				SWIFT_VERSION = 5.0;
				TARGETED_DEVICE_FAMILY = "1,2";
			};
			name = Debug;
		};
		3F2F51B62BD0DC0E00E1E882 /* Release */ = {
			isa = XCBuildConfiguration;
			buildSettings = {
				ASSETCATALOG_COMPILER_APPICON_NAME = AppIcon;
				ASSETCATALOG_COMPILER_GLOBAL_ACCENT_COLOR_NAME = AccentColor;
				CODE_SIGN_STYLE = Automatic;
				CURRENT_PROJECT_VERSION = 1;
				DEVELOPMENT_ASSET_PATHS = "\"Landmarks/Preview Content\"";
				ENABLE_PREVIEWS = YES;
				GENERATE_INFOPLIST_FILE = YES;
				INFOPLIST_KEY_UIApplicationSceneManifest_Generation = YES;
				INFOPLIST_KEY_UIApplicationSupportsIndirectInputEvents = YES;
				INFOPLIST_KEY_UILaunchScreen_Generation = YES;
				INFOPLIST_KEY_UISupportedInterfaceOrientations_iPad = "UIInterfaceOrientationPortrait UIInterfaceOrientationPortraitUpsideDown UIInterfaceOrientationLandscapeLeft UIInterfaceOrientationLandscapeRight";
				INFOPLIST_KEY_UISupportedInterfaceOrientations_iPhone = "UIInterfaceOrientationPortrait UIInterfaceOrientationLandscapeLeft UIInterfaceOrientationLandscapeRight";
				LD_RUNPATH_SEARCH_PATHS = (
					"$(inherited)",
					"@executable_path/Frameworks",
				);
				MARKETING_VERSION = 1.0;
				PRODUCT_BUNDLE_IDENTIFIER = coba.Landmarks;
				PRODUCT_NAME = "$(TARGET_NAME)";
				SWIFT_EMIT_LOC_STRINGS = YES;
				SWIFT_VERSION = 5.0;
				TARGETED_DEVICE_FAMILY = "1,2";
			};
			name = Release;
		};
		3F2F51B82BD0DC0E00E1E882 /* Debug */ = {
			isa = XCBuildConfiguration;
			buildSettings = {
				ALWAYS_EMBED_SWIFT_STANDARD_LIBRARIES = YES;
				BUNDLE_LOADER = "$(TEST_HOST)";
				CODE_SIGN_STYLE = Automatic;
				CURRENT_PROJECT_VERSION = 1;
				GENERATE_INFOPLIST_FILE = YES;
				IPHONEOS_DEPLOYMENT_TARGET = 17.2;
				MARKETING_VERSION = 1.0;
				PRODUCT_BUNDLE_IDENTIFIER = coba.LandmarksTests;
				PRODUCT_NAME = "$(TARGET_NAME)";
				SWIFT_EMIT_LOC_STRINGS = NO;
				SWIFT_VERSION = 5.0;
				TARGETED_DEVICE_FAMILY = "1,2";
				TEST_HOST = "$(BUILT_PRODUCTS_DIR)/Landmarks.app/$(BUNDLE_EXECUTABLE_FOLDER_PATH)/Landmarks";
			};
			name = Debug;
		};
		3F2F51B92BD0DC0E00E1E882 /* Release */ = {
			isa = XCBuildConfiguration;
			buildSettings = {
				ALWAYS_EMBED_SWIFT_STANDARD_LIBRARIES = YES;
				BUNDLE_LOADER = "$(TEST_HOST)";
				CODE_SIGN_STYLE = Automatic;
				CURRENT_PROJECT_VERSION = 1;
				GENERATE_INFOPLIST_FILE = YES;
				IPHONEOS_DEPLOYMENT_TARGET = 17.2;
				MARKETING_VERSION = 1.0;
				PRODUCT_BUNDLE_IDENTIFIER = coba.LandmarksTests;
				PRODUCT_NAME = "$(TARGET_NAME)";
				SWIFT_EMIT_LOC_STRINGS = NO;
				SWIFT_VERSION = 5.0;
				TARGETED_DEVICE_FAMILY = "1,2";
				TEST_HOST = "$(BUILT_PRODUCTS_DIR)/Landmarks.app/$(BUNDLE_EXECUTABLE_FOLDER_PATH)/Landmarks";
			};
			name = Release;
		};
		3F2F51BB2BD0DC0E00E1E882 /* Debug */ = {
			isa = XCBuildConfiguration;
			buildSettings = {
				ALWAYS_EMBED_SWIFT_STANDARD_LIBRARIES = YES;
				CODE_SIGN_STYLE = Automatic;
				CURRENT_PROJECT_VERSION = 1;
				GENERATE_INFOPLIST_FILE = YES;
				MARKETING_VERSION = 1.0;
				PRODUCT_BUNDLE_IDENTIFIER = coba.LandmarksUITests;
				PRODUCT_NAME = "$(TARGET_NAME)";
				SWIFT_EMIT_LOC_STRINGS = NO;
				SWIFT_VERSION = 5.0;
				TARGETED_DEVICE_FAMILY = "1,2";
				TEST_TARGET_NAME = Landmarks;
			};
			name = Debug;
		};
		3F2F51BC2BD0DC0E00E1E882 /* Release */ = {
			isa = XCBuildConfiguration;
			buildSettings = {
				ALWAYS_EMBED_SWIFT_STANDARD_LIBRARIES = YES;
				CODE_SIGN_STYLE = Automatic;
				CURRENT_PROJECT_VERSION = 1;
				GENERATE_INFOPLIST_FILE = YES;
				MARKETING_VERSION = 1.0;
				PRODUCT_BUNDLE_IDENTIFIER = coba.LandmarksUITests;
				PRODUCT_NAME = "$(TARGET_NAME)";
				SWIFT_EMIT_LOC_STRINGS = NO;
				SWIFT_VERSION = 5.0;
				TARGETED_DEVICE_FAMILY = "1,2";
				TEST_TARGET_NAME = Landmarks;
			};
			name = Release;
		};
		3F935B272BD21F49007E0A20 /* Debug */ = {
			isa = XCBuildConfiguration;
			buildSettings = {
				ASSETCATALOG_COMPILER_APPICON_NAME = AppIcon;
				ASSETCATALOG_COMPILER_GLOBAL_ACCENT_COLOR_NAME = AccentColor;
				CODE_SIGN_STYLE = Automatic;
				CURRENT_PROJECT_VERSION = 1;
				DEVELOPMENT_ASSET_PATHS = "\"WatchLandmarks Watch App/Preview Content\"";
				ENABLE_PREVIEWS = YES;
				GENERATE_INFOPLIST_FILE = YES;
				INFOPLIST_KEY_CFBundleDisplayName = WatchLandmarks;
				INFOPLIST_KEY_UISupportedInterfaceOrientations = "UIInterfaceOrientationPortrait UIInterfaceOrientationPortraitUpsideDown";
				INFOPLIST_KEY_WKWatchOnly = YES;
				LD_RUNPATH_SEARCH_PATHS = (
					"$(inherited)",
					"@executable_path/Frameworks",
				);
				MARKETING_VERSION = 1.0;
				PRODUCT_BUNDLE_IDENTIFIER = coba.WatchLandmarks.watchkitapp;
				PRODUCT_NAME = "$(TARGET_NAME)";
				SDKROOT = watchos;
				SKIP_INSTALL = YES;
				SWIFT_EMIT_LOC_STRINGS = YES;
				SWIFT_VERSION = 5.0;
				TARGETED_DEVICE_FAMILY = 4;
				WATCHOS_DEPLOYMENT_TARGET = 10.0;
			};
			name = Debug;
		};
		3F935B282BD21F49007E0A20 /* Release */ = {
			isa = XCBuildConfiguration;
			buildSettings = {
				ASSETCATALOG_COMPILER_APPICON_NAME = AppIcon;
				ASSETCATALOG_COMPILER_GLOBAL_ACCENT_COLOR_NAME = AccentColor;
				CODE_SIGN_STYLE = Automatic;
				CURRENT_PROJECT_VERSION = 1;
				DEVELOPMENT_ASSET_PATHS = "\"WatchLandmarks Watch App/Preview Content\"";
				ENABLE_PREVIEWS = YES;
				GENERATE_INFOPLIST_FILE = YES;
				INFOPLIST_KEY_CFBundleDisplayName = WatchLandmarks;
				INFOPLIST_KEY_UISupportedInterfaceOrientations = "UIInterfaceOrientationPortrait UIInterfaceOrientationPortraitUpsideDown";
				INFOPLIST_KEY_WKWatchOnly = YES;
				LD_RUNPATH_SEARCH_PATHS = (
					"$(inherited)",
					"@executable_path/Frameworks",
				);
				MARKETING_VERSION = 1.0;
				PRODUCT_BUNDLE_IDENTIFIER = coba.WatchLandmarks.watchkitapp;
				PRODUCT_NAME = "$(TARGET_NAME)";
				SDKROOT = watchos;
				SKIP_INSTALL = YES;
				SWIFT_EMIT_LOC_STRINGS = YES;
				SWIFT_VERSION = 5.0;
				TARGETED_DEVICE_FAMILY = 4;
				WATCHOS_DEPLOYMENT_TARGET = 10.0;
			};
			name = Release;
		};
		3F935B2B2BD21F49007E0A20 /* Debug */ = {
			isa = XCBuildConfiguration;
			buildSettings = {
				ALWAYS_EMBED_SWIFT_STANDARD_LIBRARIES = YES;
				CODE_SIGN_STYLE = Automatic;
				CURRENT_PROJECT_VERSION = 1;
				INFOPLIST_KEY_CFBundleDisplayName = WatchLandmarks;
				MARKETING_VERSION = 1.0;
				PRODUCT_BUNDLE_IDENTIFIER = coba.WatchLandmarks;
				PRODUCT_NAME = "$(TARGET_NAME)";
				SWIFT_VERSION = 5.0;
			};
			name = Debug;
		};
		3F935B2C2BD21F49007E0A20 /* Release */ = {
			isa = XCBuildConfiguration;
			buildSettings = {
				ALWAYS_EMBED_SWIFT_STANDARD_LIBRARIES = YES;
				CODE_SIGN_STYLE = Automatic;
				CURRENT_PROJECT_VERSION = 1;
				INFOPLIST_KEY_CFBundleDisplayName = WatchLandmarks;
				MARKETING_VERSION = 1.0;
				PRODUCT_BUNDLE_IDENTIFIER = coba.WatchLandmarks;
				PRODUCT_NAME = "$(TARGET_NAME)";
				SWIFT_VERSION = 5.0;
			};
			name = Release;
		};
		3F935B2E2BD21F49007E0A20 /* Debug */ = {
			isa = XCBuildConfiguration;
			buildSettings = {
				ALWAYS_EMBED_SWIFT_STANDARD_LIBRARIES = YES;
				BUNDLE_LOADER = "$(TEST_HOST)";
				CODE_SIGN_STYLE = Automatic;
				CURRENT_PROJECT_VERSION = 1;
				GENERATE_INFOPLIST_FILE = YES;
				MARKETING_VERSION = 1.0;
				PRODUCT_BUNDLE_IDENTIFIER = "coba.WatchLandmarks-Watch-AppTests";
				PRODUCT_NAME = "$(TARGET_NAME)";
				SDKROOT = watchos;
				SWIFT_EMIT_LOC_STRINGS = NO;
				SWIFT_VERSION = 5.0;
				TARGETED_DEVICE_FAMILY = 4;
				TEST_HOST = "$(BUILT_PRODUCTS_DIR)/WatchLandmarks Watch App.app/$(BUNDLE_EXECUTABLE_FOLDER_PATH)/WatchLandmarks Watch App";
				WATCHOS_DEPLOYMENT_TARGET = 10.2;
			};
			name = Debug;
		};
		3F935B2F2BD21F49007E0A20 /* Release */ = {
			isa = XCBuildConfiguration;
			buildSettings = {
				ALWAYS_EMBED_SWIFT_STANDARD_LIBRARIES = YES;
				BUNDLE_LOADER = "$(TEST_HOST)";
				CODE_SIGN_STYLE = Automatic;
				CURRENT_PROJECT_VERSION = 1;
				GENERATE_INFOPLIST_FILE = YES;
				MARKETING_VERSION = 1.0;
				PRODUCT_BUNDLE_IDENTIFIER = "coba.WatchLandmarks-Watch-AppTests";
				PRODUCT_NAME = "$(TARGET_NAME)";
				SDKROOT = watchos;
				SWIFT_EMIT_LOC_STRINGS = NO;
				SWIFT_VERSION = 5.0;
				TARGETED_DEVICE_FAMILY = 4;
				TEST_HOST = "$(BUILT_PRODUCTS_DIR)/WatchLandmarks Watch App.app/$(BUNDLE_EXECUTABLE_FOLDER_PATH)/WatchLandmarks Watch App";
				WATCHOS_DEPLOYMENT_TARGET = 10.2;
			};
			name = Release;
		};
		3F935B312BD21F49007E0A20 /* Debug */ = {
			isa = XCBuildConfiguration;
			buildSettings = {
				ALWAYS_EMBED_SWIFT_STANDARD_LIBRARIES = YES;
				CODE_SIGN_STYLE = Automatic;
				CURRENT_PROJECT_VERSION = 1;
				GENERATE_INFOPLIST_FILE = YES;
				MARKETING_VERSION = 1.0;
				PRODUCT_BUNDLE_IDENTIFIER = "coba.WatchLandmarks-Watch-AppUITests";
				PRODUCT_NAME = "$(TARGET_NAME)";
				SDKROOT = watchos;
				SWIFT_EMIT_LOC_STRINGS = NO;
				SWIFT_VERSION = 5.0;
				TARGETED_DEVICE_FAMILY = 4;
				TEST_TARGET_NAME = "WatchLandmarks Watch App";
				WATCHOS_DEPLOYMENT_TARGET = 10.2;
			};
			name = Debug;
		};
		3F935B322BD21F49007E0A20 /* Release */ = {
			isa = XCBuildConfiguration;
			buildSettings = {
				ALWAYS_EMBED_SWIFT_STANDARD_LIBRARIES = YES;
				CODE_SIGN_STYLE = Automatic;
				CURRENT_PROJECT_VERSION = 1;
				GENERATE_INFOPLIST_FILE = YES;
				MARKETING_VERSION = 1.0;
				PRODUCT_BUNDLE_IDENTIFIER = "coba.WatchLandmarks-Watch-AppUITests";
				PRODUCT_NAME = "$(TARGET_NAME)";
				SDKROOT = watchos;
				SWIFT_EMIT_LOC_STRINGS = NO;
				SWIFT_VERSION = 5.0;
				TARGETED_DEVICE_FAMILY = 4;
				TEST_TARGET_NAME = "WatchLandmarks Watch App";
				WATCHOS_DEPLOYMENT_TARGET = 10.2;
			};
			name = Release;
		};
		3FAD888C2BDA2953005DF9EC /* Debug */ = {
			isa = XCBuildConfiguration;
			buildSettings = {
				ASSETCATALOG_COMPILER_APPICON_NAME = AppIcon;
				ASSETCATALOG_COMPILER_GLOBAL_ACCENT_COLOR_NAME = AccentColor;
				CODE_SIGN_ENTITLEMENTS = MacLandmarks/MacLandmarks.entitlements;
				CODE_SIGN_STYLE = Automatic;
				COMBINE_HIDPI_IMAGES = YES;
				CURRENT_PROJECT_VERSION = 1;
				DEVELOPMENT_ASSET_PATHS = "\"MacLandmarks/Preview Content\"";
				ENABLE_PREVIEWS = YES;
				GENERATE_INFOPLIST_FILE = YES;
				INFOPLIST_KEY_NSHumanReadableCopyright = "";
				LD_RUNPATH_SEARCH_PATHS = (
					"$(inherited)",
					"@executable_path/../Frameworks",
				);
				MACOSX_DEPLOYMENT_TARGET = 14.2;
				MARKETING_VERSION = 1.0;
				PRODUCT_BUNDLE_IDENTIFIER = coba.MacLandmarks;
				PRODUCT_NAME = "$(TARGET_NAME)";
				SDKROOT = macosx;
				SWIFT_EMIT_LOC_STRINGS = YES;
				SWIFT_VERSION = 5.0;
			};
			name = Debug;
		};
		3FAD888D2BDA2953005DF9EC /* Release */ = {
			isa = XCBuildConfiguration;
			buildSettings = {
				ASSETCATALOG_COMPILER_APPICON_NAME = AppIcon;
				ASSETCATALOG_COMPILER_GLOBAL_ACCENT_COLOR_NAME = AccentColor;
				CODE_SIGN_ENTITLEMENTS = MacLandmarks/MacLandmarks.entitlements;
				CODE_SIGN_STYLE = Automatic;
				COMBINE_HIDPI_IMAGES = YES;
				CURRENT_PROJECT_VERSION = 1;
				DEVELOPMENT_ASSET_PATHS = "\"MacLandmarks/Preview Content\"";
				ENABLE_PREVIEWS = YES;
				GENERATE_INFOPLIST_FILE = YES;
				INFOPLIST_KEY_NSHumanReadableCopyright = "";
				LD_RUNPATH_SEARCH_PATHS = (
					"$(inherited)",
					"@executable_path/../Frameworks",
				);
				MACOSX_DEPLOYMENT_TARGET = 14.2;
				MARKETING_VERSION = 1.0;
				PRODUCT_BUNDLE_IDENTIFIER = coba.MacLandmarks;
				PRODUCT_NAME = "$(TARGET_NAME)";
				SDKROOT = macosx;
				SWIFT_EMIT_LOC_STRINGS = YES;
				SWIFT_VERSION = 5.0;
			};
			name = Release;
		};
/* End XCBuildConfiguration section */

/* Begin XCConfigurationList section */
		3F2F518B2BD0DC0D00E1E882 /* Build configuration list for PBXProject "Landmarks" */ = {
			isa = XCConfigurationList;
			buildConfigurations = (
				3F2F51B22BD0DC0E00E1E882 /* Debug */,
				3F2F51B32BD0DC0E00E1E882 /* Release */,
			);
			defaultConfigurationIsVisible = 0;
			defaultConfigurationName = Release;
		};
		3F2F51B42BD0DC0E00E1E882 /* Build configuration list for PBXNativeTarget "Landmarks" */ = {
			isa = XCConfigurationList;
			buildConfigurations = (
				3F2F51B52BD0DC0E00E1E882 /* Debug */,
				3F2F51B62BD0DC0E00E1E882 /* Release */,
			);
			defaultConfigurationIsVisible = 0;
			defaultConfigurationName = Release;
		};
		3F2F51B72BD0DC0E00E1E882 /* Build configuration list for PBXNativeTarget "LandmarksTests" */ = {
			isa = XCConfigurationList;
			buildConfigurations = (
				3F2F51B82BD0DC0E00E1E882 /* Debug */,
				3F2F51B92BD0DC0E00E1E882 /* Release */,
			);
			defaultConfigurationIsVisible = 0;
			defaultConfigurationName = Release;
		};
		3F2F51BA2BD0DC0E00E1E882 /* Build configuration list for PBXNativeTarget "LandmarksUITests" */ = {
			isa = XCConfigurationList;
			buildConfigurations = (
				3F2F51BB2BD0DC0E00E1E882 /* Debug */,
				3F2F51BC2BD0DC0E00E1E882 /* Release */,
			);
			defaultConfigurationIsVisible = 0;
			defaultConfigurationName = Release;
		};
		3F935B262BD21F49007E0A20 /* Build configuration list for PBXNativeTarget "WatchLandmarks Watch App" */ = {
			isa = XCConfigurationList;
			buildConfigurations = (
				3F935B272BD21F49007E0A20 /* Debug */,
				3F935B282BD21F49007E0A20 /* Release */,
			);
			defaultConfigurationIsVisible = 0;
			defaultConfigurationName = Release;
		};
		3F935B2A2BD21F49007E0A20 /* Build configuration list for PBXNativeTarget "WatchLandmarks" */ = {
			isa = XCConfigurationList;
			buildConfigurations = (
				3F935B2B2BD21F49007E0A20 /* Debug */,
				3F935B2C2BD21F49007E0A20 /* Release */,
			);
			defaultConfigurationIsVisible = 0;
			defaultConfigurationName = Release;
		};
		3F935B2D2BD21F49007E0A20 /* Build configuration list for PBXNativeTarget "WatchLandmarks Watch AppTests" */ = {
			isa = XCConfigurationList;
			buildConfigurations = (
				3F935B2E2BD21F49007E0A20 /* Debug */,
				3F935B2F2BD21F49007E0A20 /* Release */,
			);
			defaultConfigurationIsVisible = 0;
			defaultConfigurationName = Release;
		};
		3F935B302BD21F49007E0A20 /* Build configuration list for PBXNativeTarget "WatchLandmarks Watch AppUITests" */ = {
			isa = XCConfigurationList;
			buildConfigurations = (
				3F935B312BD21F49007E0A20 /* Debug */,
				3F935B322BD21F49007E0A20 /* Release */,
			);
			defaultConfigurationIsVisible = 0;
			defaultConfigurationName = Release;
		};
		3FAD888B2BDA2953005DF9EC /* Build configuration list for PBXNativeTarget "MacLandmarks" */ = {
			isa = XCConfigurationList;
			buildConfigurations = (
				3FAD888C2BDA2953005DF9EC /* Debug */,
				3FAD888D2BDA2953005DF9EC /* Release */,
			);
			defaultConfigurationIsVisible = 0;
			defaultConfigurationName = Release;
		};
/* End XCConfigurationList section */
	};
	rootObject = 3F2F51882BD0DC0D00E1E882 /* Project object */;
}
